
Microsoft Visual Studio Solution File, Format Version 12.00
# Visual Studio Version 16
VisualStudioVersion = 16.0.29411.108
MinimumVisualStudioVersion = 10.0.40219.1
Project("{9A19103F-16F7-4668-BE54-9A1E7A4F7556}") = "PipelineR", "PipelineR\PipelineR.csproj", "{E64DFABE-255F-4884-A334-260D6E9AD0E4}"
EndProject
Project("{FAE04EC0-301F-11D3-BF4B-00C04F79EFBC}") = "PipelineR.Test", "PipelineR.Test\PipelineR.Test.csproj", "{11272091-374F-4038-AC65-7EB6C4F61901}"
EndProject
Global
	GlobalSection(SolutionConfigurationPlatforms) = preSolution
		Debug|Any CPU = Debug|Any CPU
		Release|Any CPU = Release|Any CPU
	EndGlobalSection
	GlobalSection(ProjectConfigurationPlatforms) = postSolution
		{E64DFABE-255F-4884-A334-260D6E9AD0E4}.Debug|Any CPU.ActiveCfg = Debug|Any CPU
		{E64DFABE-255F-4884-A334-260D6E9AD0E4}.Debug|Any CPU.Build.0 = Debug|Any CPU
		{E64DFABE-255F-4884-A334-260D6E9AD0E4}.Release|Any CPU.ActiveCfg = Release|Any CPU
		{E64DFABE-255F-4884-A334-260D6E9AD0E4}.Release|Any CPU.Build.0 = Release|Any CPU
		{11272091-374F-4038-AC65-7EB6C4F61901}.Debug|Any CPU.ActiveCfg = Debug|Any CPU
		{11272091-374F-4038-AC65-7EB6C4F61901}.Debug|Any CPU.Build.0 = Debug|Any CPU
		{11272091-374F-4038-AC65-7EB6C4F61901}.Release|Any CPU.ActiveCfg = Release|Any CPU
		{11272091-374F-4038-AC65-7EB6C4F61901}.Release|Any CPU.Build.0 = Release|Any CPU
	EndGlobalSection
	GlobalSection(SolutionProperties) = preSolution
		HideSolutionNode = FALSE
	EndGlobalSection
	GlobalSection(ExtensibilityGlobals) = postSolution
		SolutionGuid = {F27E2AB4-B305-401B-8DC5-C33E1E935E7C}
	EndGlobalSection
EndGlobal
